// !$*UTF8*$!
{
	archiveVersion = 1;
	classes = {
	};
	objectVersion = 46;
	objects = {

/* Begin PBXBuildFile section */
		0050AA001B00713300B236F1 /* MovieDetailsViewController.swift in Sources */ = {isa = PBXBuildFile; fileRef = 0050A9FF1B00713300B236F1 /* MovieDetailsViewController.swift */; };
		0094ADC41AFEBD6E005C4D04 /* AppDelegate.swift in Sources */ = {isa = PBXBuildFile; fileRef = 0094ADC31AFEBD6E005C4D04 /* AppDelegate.swift */; };
		0094ADC91AFEBD6E005C4D04 /* Main.storyboard in Resources */ = {isa = PBXBuildFile; fileRef = 0094ADC71AFEBD6E005C4D04 /* Main.storyboard */; };
		0094ADCB1AFEBD6E005C4D04 /* Images.xcassets in Resources */ = {isa = PBXBuildFile; fileRef = 0094ADCA1AFEBD6E005C4D04 /* Images.xcassets */; };
		0094ADCE1AFEBD6E005C4D04 /* LaunchScreen.xib in Resources */ = {isa = PBXBuildFile; fileRef = 0094ADCC1AFEBD6E005C4D04 /* LaunchScreen.xib */; };
		0094ADDA1AFEBD6E005C4D04 /* Rotten_TomatoesTests.swift in Sources */ = {isa = PBXBuildFile; fileRef = 0094ADD91AFEBD6E005C4D04 /* Rotten_TomatoesTests.swift */; };
		0094ADE41AFEC14B005C4D04 /* MoviesViewController.swift in Sources */ = {isa = PBXBuildFile; fileRef = 0094ADE31AFEC14B005C4D04 /* MoviesViewController.swift */; };
		0094ADE81B003F43005C4D04 /* MovieCell.swift in Sources */ = {isa = PBXBuildFile; fileRef = 0094ADE71B003F43005C4D04 /* MovieCell.swift */; };
		D26C90C2DDD3E62920ED5D86 /* libPods-Rotten Tomatoes.a in Frameworks */ = {isa = PBXBuildFile; fileRef = AA4E9E5F7CE7076F04D382C1 /* libPods-Rotten Tomatoes.a */; };
/* End PBXBuildFile section */

/* Begin PBXContainerItemProxy section */
		0094ADD41AFEBD6E005C4D04 /* PBXContainerItemProxy */ = {
			isa = PBXContainerItemProxy;
			containerPortal = 0094ADB61AFEBD6E005C4D04 /* Project object */;
			proxyType = 1;
			remoteGlobalIDString = 0094ADBD1AFEBD6E005C4D04;
			remoteInfo = "Rotten Tomatoes";
		};
/* End PBXContainerItemProxy section */

/* Begin PBXFileReference section */
		0050A9FC1B006CFD00B236F1 /* Rotten Tomatoes-Bridging-Header.h */ = {isa = PBXFileReference; lastKnownFileType = sourcecode.c.h; path = "Rotten Tomatoes-Bridging-Header.h"; sourceTree = "<group>"; };
		0050A9FF1B00713300B236F1 /* MovieDetailsViewController.swift */ = {isa = PBXFileReference; fileEncoding = 4; lastKnownFileType = sourcecode.swift; path = MovieDetailsViewController.swift; sourceTree = "<group>"; };
		0094ADBE1AFEBD6E005C4D04 /* Rotten Tomatoes.app */ = {isa = PBXFileReference; explicitFileType = wrapper.application; includeInIndex = 0; path = "Rotten Tomatoes.app"; sourceTree = BUILT_PRODUCTS_DIR; };
		0094ADC21AFEBD6E005C4D04 /* Info.plist */ = {isa = PBXFileReference; lastKnownFileType = text.plist.xml; path = Info.plist; sourceTree = "<group>"; };
		0094ADC31AFEBD6E005C4D04 /* AppDelegate.swift */ = {isa = PBXFileReference; lastKnownFileType = sourcecode.swift; path = AppDelegate.swift; sourceTree = "<group>"; };
		0094ADC81AFEBD6E005C4D04 /* Base */ = {isa = PBXFileReference; lastKnownFileType = file.storyboard; name = Base; path = Base.lproj/Main.storyboard; sourceTree = "<group>"; };
		0094ADCA1AFEBD6E005C4D04 /* Images.xcassets */ = {isa = PBXFileReference; lastKnownFileType = folder.assetcatalog; path = Images.xcassets; sourceTree = "<group>"; };
		0094ADCD1AFEBD6E005C4D04 /* Base */ = {isa = PBXFileReference; lastKnownFileType = file.xib; name = Base; path = Base.lproj/LaunchScreen.xib; sourceTree = "<group>"; };
		0094ADD31AFEBD6E005C4D04 /* Rotten TomatoesTests.xctest */ = {isa = PBXFileReference; explicitFileType = wrapper.cfbundle; includeInIndex = 0; path = "Rotten TomatoesTests.xctest"; sourceTree = BUILT_PRODUCTS_DIR; };
		0094ADD81AFEBD6E005C4D04 /* Info.plist */ = {isa = PBXFileReference; lastKnownFileType = text.plist.xml; path = Info.plist; sourceTree = "<group>"; };
		0094ADD91AFEBD6E005C4D04 /* Rotten_TomatoesTests.swift */ = {isa = PBXFileReference; lastKnownFileType = sourcecode.swift; path = Rotten_TomatoesTests.swift; sourceTree = "<group>"; };
		0094ADE31AFEC14B005C4D04 /* MoviesViewController.swift */ = {isa = PBXFileReference; fileEncoding = 4; lastKnownFileType = sourcecode.swift; name = MoviesViewController.swift; path = ../MoviesViewController.swift; sourceTree = "<group>"; };
		0094ADE71B003F43005C4D04 /* MovieCell.swift */ = {isa = PBXFileReference; fileEncoding = 4; lastKnownFileType = sourcecode.swift; path = MovieCell.swift; sourceTree = "<group>"; };
		173EFCE1C2C9871722880EF7 /* Pods-Rotten Tomatoes.debug.xcconfig */ = {isa = PBXFileReference; includeInIndex = 1; lastKnownFileType = text.xcconfig; name = "Pods-Rotten Tomatoes.debug.xcconfig"; path = "Pods/Target Support Files/Pods-Rotten Tomatoes/Pods-Rotten Tomatoes.debug.xcconfig"; sourceTree = "<group>"; };
		AA4E9E5F7CE7076F04D382C1 /* libPods-Rotten Tomatoes.a */ = {isa = PBXFileReference; explicitFileType = archive.ar; includeInIndex = 0; path = "libPods-Rotten Tomatoes.a"; sourceTree = BUILT_PRODUCTS_DIR; };
		FA0ED8D8A8CEAD9DE7F62ECA /* Pods-Rotten Tomatoes.release.xcconfig */ = {isa = PBXFileReference; includeInIndex = 1; lastKnownFileType = text.xcconfig; name = "Pods-Rotten Tomatoes.release.xcconfig"; path = "Pods/Target Support Files/Pods-Rotten Tomatoes/Pods-Rotten Tomatoes.release.xcconfig"; sourceTree = "<group>"; };
/* End PBXFileReference section */

/* Begin PBXFrameworksBuildPhase section */
		0094ADBB1AFEBD6E005C4D04 /* Frameworks */ = {
			isa = PBXFrameworksBuildPhase;
			buildActionMask = 2147483647;
			files = (
				D26C90C2DDD3E62920ED5D86 /* libPods-Rotten Tomatoes.a in Frameworks */,
			);
			runOnlyForDeploymentPostprocessing = 0;
		};
		0094ADD01AFEBD6E005C4D04 /* Frameworks */ = {
			isa = PBXFrameworksBuildPhase;
			buildActionMask = 2147483647;
			files = (
			);
			runOnlyForDeploymentPostprocessing = 0;
		};
/* End PBXFrameworksBuildPhase section */

/* Begin PBXGroup section */
		0094ADB51AFEBD6E005C4D04 = {
			isa = PBXGroup;
			children = (
				0094ADC01AFEBD6E005C4D04 /* Rotten Tomatoes */,
				0094ADD61AFEBD6E005C4D04 /* Rotten TomatoesTests */,
				0094ADBF1AFEBD6E005C4D04 /* Products */,
				F1C4EA08F548DE01F6306EA1 /* Pods */,
				E9EC7AD675C9B93A88F81482 /* Frameworks */,
			);
			sourceTree = "<group>";
		};
		0094ADBF1AFEBD6E005C4D04 /* Products */ = {
			isa = PBXGroup;
			children = (
				0094ADBE1AFEBD6E005C4D04 /* Rotten Tomatoes.app */,
				0094ADD31AFEBD6E005C4D04 /* Rotten TomatoesTests.xctest */,
			);
			name = Products;
			sourceTree = "<group>";
		};
		0094ADC01AFEBD6E005C4D04 /* Rotten Tomatoes */ = {
			isa = PBXGroup;
			children = (
				0094ADE61B003EFF005C4D04 /* Views */,
				0094ADE51AFEC168005C4D04 /* View Controllers */,
				0094ADC31AFEBD6E005C4D04 /* AppDelegate.swift */,
				0094ADC71AFEBD6E005C4D04 /* Main.storyboard */,
				0094ADCA1AFEBD6E005C4D04 /* Images.xcassets */,
				0094ADCC1AFEBD6E005C4D04 /* LaunchScreen.xib */,
				0094ADC11AFEBD6E005C4D04 /* Supporting Files */,
				0050A9FC1B006CFD00B236F1 /* Rotten Tomatoes-Bridging-Header.h */,
			);
			path = "Rotten Tomatoes";
			sourceTree = "<group>";
		};
		0094ADC11AFEBD6E005C4D04 /* Supporting Files */ = {
			isa = PBXGroup;
			children = (
				0094ADC21AFEBD6E005C4D04 /* Info.plist */,
			);
			name = "Supporting Files";
			sourceTree = "<group>";
		};
		0094ADD61AFEBD6E005C4D04 /* Rotten TomatoesTests */ = {
			isa = PBXGroup;
			children = (
				0094ADD91AFEBD6E005C4D04 /* Rotten_TomatoesTests.swift */,
				0094ADD71AFEBD6E005C4D04 /* Supporting Files */,
			);
			path = "Rotten TomatoesTests";
			sourceTree = "<group>";
		};
		0094ADD71AFEBD6E005C4D04 /* Supporting Files */ = {
			isa = PBXGroup;
			children = (
				0094ADD81AFEBD6E005C4D04 /* Info.plist */,
			);
			name = "Supporting Files";
			sourceTree = "<group>";
		};
		0094ADE51AFEC168005C4D04 /* View Controllers */ = {
			isa = PBXGroup;
			children = (
				0094ADE31AFEC14B005C4D04 /* MoviesViewController.swift */,
				0050A9FF1B00713300B236F1 /* MovieDetailsViewController.swift */,
			);
			name = "View Controllers";
			sourceTree = "<group>";
		};
		0094ADE61B003EFF005C4D04 /* Views */ = {
			isa = PBXGroup;
			children = (
				0094ADE71B003F43005C4D04 /* MovieCell.swift */,
			);
			name = Views;
			sourceTree = "<group>";
		};
		E9EC7AD675C9B93A88F81482 /* Frameworks */ = {
			isa = PBXGroup;
			children = (
				AA4E9E5F7CE7076F04D382C1 /* libPods-Rotten Tomatoes.a */,
			);
			name = Frameworks;
			sourceTree = "<group>";
		};
		F1C4EA08F548DE01F6306EA1 /* Pods */ = {
			isa = PBXGroup;
			children = (
				173EFCE1C2C9871722880EF7 /* Pods-Rotten Tomatoes.debug.xcconfig */,
				FA0ED8D8A8CEAD9DE7F62ECA /* Pods-Rotten Tomatoes.release.xcconfig */,
			);
			name = Pods;
			sourceTree = "<group>";
		};
/* End PBXGroup section */

/* Begin PBXNativeTarget section */
		0094ADBD1AFEBD6E005C4D04 /* Rotten Tomatoes */ = {
			isa = PBXNativeTarget;
			buildConfigurationList = 0094ADDD1AFEBD6E005C4D04 /* Build configuration list for PBXNativeTarget "Rotten Tomatoes" */;
			buildPhases = (
				132F19533407C5B15CBB18F8 /* Check Pods Manifest.lock */,
				0094ADBA1AFEBD6E005C4D04 /* Sources */,
				0094ADBB1AFEBD6E005C4D04 /* Frameworks */,
				0094ADBC1AFEBD6E005C4D04 /* Resources */,
				3F5EFD2D45EBAFD8E70752BE /* Copy Pods Resources */,
			);
			buildRules = (
			);
			dependencies = (
			);
			name = "Rotten Tomatoes";
			productName = "Rotten Tomatoes";
			productReference = 0094ADBE1AFEBD6E005C4D04 /* Rotten Tomatoes.app */;
			productType = "com.apple.product-type.application";
		};
		0094ADD21AFEBD6E005C4D04 /* Rotten TomatoesTests */ = {
			isa = PBXNativeTarget;
			buildConfigurationList = 0094ADE01AFEBD6E005C4D04 /* Build configuration list for PBXNativeTarget "Rotten TomatoesTests" */;
			buildPhases = (
				0094ADCF1AFEBD6E005C4D04 /* Sources */,
				0094ADD01AFEBD6E005C4D04 /* Frameworks */,
				0094ADD11AFEBD6E005C4D04 /* Resources */,
			);
			buildRules = (
			);
			dependencies = (
				0094ADD51AFEBD6E005C4D04 /* PBXTargetDependency */,
			);
			name = "Rotten TomatoesTests";
			productName = "Rotten TomatoesTests";
			productReference = 0094ADD31AFEBD6E005C4D04 /* Rotten TomatoesTests.xctest */;
			productType = "com.apple.product-type.bundle.unit-test";
		};
/* End PBXNativeTarget section */

/* Begin PBXProject section */
		0094ADB61AFEBD6E005C4D04 /* Project object */ = {
			isa = PBXProject;
			attributes = {
				LastUpgradeCheck = 0620;
				ORGANIZATIONNAME = JosephPelina;
				TargetAttributes = {
					0094ADBD1AFEBD6E005C4D04 = {
						CreatedOnToolsVersion = 6.2;
					};
					0094ADD21AFEBD6E005C4D04 = {
						CreatedOnToolsVersion = 6.2;
						TestTargetID = 0094ADBD1AFEBD6E005C4D04;
					};
				};
			};
			buildConfigurationList = 0094ADB91AFEBD6E005C4D04 /* Build configuration list for PBXProject "Rotten Tomatoes" */;
			compatibilityVersion = "Xcode 3.2";
			developmentRegion = English;
			hasScannedForEncodings = 0;
			knownRegions = (
				en,
				Base,
			);
			mainGroup = 0094ADB51AFEBD6E005C4D04;
			productRefGroup = 0094ADBF1AFEBD6E005C4D04 /* Products */;
			projectDirPath = "";
			projectRoot = "";
			targets = (
				0094ADBD1AFEBD6E005C4D04 /* Rotten Tomatoes */,
				0094ADD21AFEBD6E005C4D04 /* Rotten TomatoesTests */,
			);
		};
/* End PBXProject section */

/* Begin PBXResourcesBuildPhase section */
		0094ADBC1AFEBD6E005C4D04 /* Resources */ = {
			isa = PBXResourcesBuildPhase;
			buildActionMask = 2147483647;
			files = (
				0094ADC91AFEBD6E005C4D04 /* Main.storyboard in Resources */,
				0094ADCE1AFEBD6E005C4D04 /* LaunchScreen.xib in Resources */,
				0094ADCB1AFEBD6E005C4D04 /* Images.xcassets in Resources */,
			);
			runOnlyForDeploymentPostprocessing = 0;
		};
		0094ADD11AFEBD6E005C4D04 /* Resources */ = {
			isa = PBXResourcesBuildPhase;
			buildActionMask = 2147483647;
			files = (
			);
			runOnlyForDeploymentPostprocessing = 0;
		};
/* End PBXResourcesBuildPhase section */

/* Begin PBXShellScriptBuildPhase section */
		132F19533407C5B15CBB18F8 /* Check Pods Manifest.lock */ = {
			isa = PBXShellScriptBuildPhase;
			buildActionMask = 2147483647;
			files = (
			);
			inputPaths = (
			);
			name = "Check Pods Manifest.lock";
			outputPaths = (
			);
			runOnlyForDeploymentPostprocessing = 0;
			shellPath = /bin/sh;
			shellScript = "diff \"${PODS_ROOT}/../Podfile.lock\" \"${PODS_ROOT}/Manifest.lock\" > /dev/null\nif [[ $? != 0 ]] ; then\n    cat << EOM\nerror: The sandbox is not in sync with the Podfile.lock. Run 'pod install' or update your CocoaPods installation.\nEOM\n    exit 1\nfi\n";
			showEnvVarsInLog = 0;
		};
		3F5EFD2D45EBAFD8E70752BE /* Copy Pods Resources */ = {
			isa = PBXShellScriptBuildPhase;
			buildActionMask = 2147483647;
			files = (
			);
			inputPaths = (
			);
			name = "Copy Pods Resources";
			outputPaths = (
			);
			runOnlyForDeploymentPostprocessing = 0;
			shellPath = /bin/sh;
			shellScript = "\"${SRCROOT}/Pods/Target Support Files/Pods-Rotten Tomatoes/Pods-Rotten Tomatoes-resources.sh\"\n";
			showEnvVarsInLog = 0;
		};
/* End PBXShellScriptBuildPhase section */

/* Begin PBXSourcesBuildPhase section */
		0094ADBA1AFEBD6E005C4D04 /* Sources */ = {
			isa = PBXSourcesBuildPhase;
			buildActionMask = 2147483647;
			files = (
				0050AA001B00713300B236F1 /* MovieDetailsViewController.swift in Sources */,
				0094ADC41AFEBD6E005C4D04 /* AppDelegate.swift in Sources */,
				0094ADE41AFEC14B005C4D04 /* MoviesViewController.swift in Sources */,
				0094ADE81B003F43005C4D04 /* MovieCell.swift in Sources */,
			);
			runOnlyForDeploymentPostprocessing = 0;
		};
		0094ADCF1AFEBD6E005C4D04 /* Sources */ = {
			isa = PBXSourcesBuildPhase;
			buildActionMask = 2147483647;
			files = (
				0094ADDA1AFEBD6E005C4D04 /* Rotten_TomatoesTests.swift in Sources */,
			);
			runOnlyForDeploymentPostprocessing = 0;
		};
/* End PBXSourcesBuildPhase section */

/* Begin PBXTargetDependency section */
		0094ADD51AFEBD6E005C4D04 /* PBXTargetDependency */ = {
			isa = PBXTargetDependency;
			target = 0094ADBD1AFEBD6E005C4D04 /* Rotten Tomatoes */;
			targetProxy = 0094ADD41AFEBD6E005C4D04 /* PBXContainerItemProxy */;
		};
/* End PBXTargetDependency section */

/* Begin PBXVariantGroup section */
		0094ADC71AFEBD6E005C4D04 /* Main.storyboard */ = {
			isa = PBXVariantGroup;
			children = (
				0094ADC81AFEBD6E005C4D04 /* Base */,
			);
			name = Main.storyboard;
			sourceTree = "<group>";
		};
		0094ADCC1AFEBD6E005C4D04 /* LaunchScreen.xib */ = {
			isa = PBXVariantGroup;
			children = (
				0094ADCD1AFEBD6E005C4D04 /* Base */,
			);
			name = LaunchScreen.xib;
			sourceTree = "<group>";
		};
/* End PBXVariantGroup section */

/* Begin XCBuildConfiguration section */
		0094ADDB1AFEBD6E005C4D04 /* Debug */ = {
			isa = XCBuildConfiguration;
			buildSettings = {
				ALWAYS_SEARCH_USER_PATHS = NO;
				CLANG_CXX_LANGUAGE_STANDARD = "gnu++0x";
				CLANG_CXX_LIBRARY = "libc++";
				CLANG_ENABLE_MODULES = YES;
				CLANG_ENABLE_OBJC_ARC = YES;
				CLANG_WARN_BOOL_CONVERSION = YES;
				CLANG_WARN_CONSTANT_CONVERSION = YES;
				CLANG_WARN_DIRECT_OBJC_ISA_USAGE = YES_ERROR;
				CLANG_WARN_EMPTY_BODY = YES;
				CLANG_WARN_ENUM_CONVERSION = YES;
				CLANG_WARN_INT_CONVERSION = YES;
				CLANG_WARN_OBJC_ROOT_CLASS = YES_ERROR;
				CLANG_WARN_UNREACHABLE_CODE = YES;
				CLANG_WARN__DUPLICATE_METHOD_MATCH = YES;
				"CODE_SIGN_IDENTITY[sdk=iphoneos*]" = "iPhone Developer";
				COPY_PHASE_STRIP = NO;
				ENABLE_STRICT_OBJC_MSGSEND = YES;
				GCC_C_LANGUAGE_STANDARD = gnu99;
				GCC_DYNAMIC_NO_PIC = NO;
				GCC_OPTIMIZATION_LEVEL = 0;
				GCC_PREPROCESSOR_DEFINITIONS = (
					"DEBUG=1",
					"$(inherited)",
				);
				GCC_SYMBOLS_PRIVATE_EXTERN = NO;
				GCC_WARN_64_TO_32_BIT_CONVERSION = YES;
				GCC_WARN_ABOUT_RETURN_TYPE = YES_ERROR;
				GCC_WARN_UNDECLARED_SELECTOR = YES;
				GCC_WARN_UNINITIALIZED_AUTOS = YES_AGGRESSIVE;
				GCC_WARN_UNUSED_FUNCTION = YES;
				GCC_WARN_UNUSED_VARIABLE = YES;
				IPHONEOS_DEPLOYMENT_TARGET = 8.2;
				MTL_ENABLE_DEBUG_INFO = YES;
				ONLY_ACTIVE_ARCH = YES;
				SDKROOT = iphoneos;
				SWIFT_OPTIMIZATION_LEVEL = "-Onone";
			};
			name = Debug;
		};
		0094ADDC1AFEBD6E005C4D04 /* Release */ = {
			isa = XCBuildConfiguration;
			buildSettings = {
				ALWAYS_SEARCH_USER_PATHS = NO;
				CLANG_CXX_LANGUAGE_STANDARD = "gnu++0x";
				CLANG_CXX_LIBRARY = "libc++";
				CLANG_ENABLE_MODULES = YES;
				CLANG_ENABLE_OBJC_ARC = YES;
				CLANG_WARN_BOOL_CONVERSION = YES;
				CLANG_WARN_CONSTANT_CONVERSION = YES;
				CLANG_WARN_DIRECT_OBJC_ISA_USAGE = YES_ERROR;
				CLANG_WARN_EMPTY_BODY = YES;
				CLANG_WARN_ENUM_CONVERSION = YES;
				CLANG_WARN_INT_CONVERSION = YES;
				CLANG_WARN_OBJC_ROOT_CLASS = YES_ERROR;
				CLANG_WARN_UNREACHABLE_CODE = YES;
				CLANG_WARN__DUPLICATE_METHOD_MATCH = YES;
				"CODE_SIGN_IDENTITY[sdk=iphoneos*]" = "iPhone Developer";
				COPY_PHASE_STRIP = NO;
				ENABLE_NS_ASSERTIONS = NO;
				ENABLE_STRICT_OBJC_MSGSEND = YES;
				GCC_C_LANGUAGE_STANDARD = gnu99;
				GCC_WARN_64_TO_32_BIT_CONVERSION = YES;
				GCC_WARN_ABOUT_RETURN_TYPE = YES_ERROR;
				GCC_WARN_UNDECLARED_SELECTOR = YES;
				GCC_WARN_UNINITIALIZED_AUTOS = YES_AGGRESSIVE;
				GCC_WARN_UNUSED_FUNCTION = YES;
				GCC_WARN_UNUSED_VARIABLE = YES;
				IPHONEOS_DEPLOYMENT_TARGET = 8.2;
				MTL_ENABLE_DEBUG_INFO = NO;
				SDKROOT = iphoneos;
				VALIDATE_PRODUCT = YES;
			};
			name = Release;
		};
		0094ADDE1AFEBD6E005C4D04 /* Debug */ = {
			isa = XCBuildConfiguration;
			baseConfigurationReference = 173EFCE1C2C9871722880EF7 /* Pods-Rotten Tomatoes.debug.xcconfig */;
			buildSettings = {
				ASSETCATALOG_COMPILER_APPICON_NAME = AppIcon;
				CLANG_ENABLE_MODULES = YES;
				INFOPLIST_FILE = "Rotten Tomatoes/Info.plist";
				LD_RUNPATH_SEARCH_PATHS = "$(inherited) @executable_path/Frameworks";
				PRODUCT_NAME = "$(TARGET_NAME)";
				SWIFT_OBJC_BRIDGING_HEADER = "Rotten Tomatoes/Rotten Tomatoes-Bridging-Header.h";
				SWIFT_OPTIMIZATION_LEVEL = "-Onone";
			};
			name = Debug;
		};
		0094ADDF1AFEBD6E005C4D04 /* Release */ = {
			isa = XCBuildConfiguration;
			baseConfigurationReference = FA0ED8D8A8CEAD9DE7F62ECA /* Pods-Rotten Tomatoes.release.xcconfig */;
			buildSettings = {
				ASSETCATALOG_COMPILER_APPICON_NAME = AppIcon;
				CLANG_ENABLE_MODULES = YES;
				INFOPLIST_FILE = "Rotten Tomatoes/Info.plist";
				LD_RUNPATH_SEARCH_PATHS = "$(inherited) @executable_path/Frameworks";
				PRODUCT_NAME = "$(TARGET_NAME)";
				SWIFT_OBJC_BRIDGING_HEADER = "Rotten Tomatoes/Rotten Tomatoes-Bridging-Header.h";
			};
			name = Release;
		};
		0094ADE11AFEBD6E005C4D04 /* Debug */ = {
			isa = XCBuildConfiguration;
			buildSettings = {
				BUNDLE_LOADER = "$(TEST_HOST)";
				FRAMEWORK_SEARCH_PATHS = (
					"$(SDKROOT)/Developer/Library/Frameworks",
					"$(inherited)",
				);
				GCC_PREPROCESSOR_DEFINITIONS = (
					"DEBUG=1",
					"$(inherited)",
				);
				INFOPLIST_FILE = "Rotten TomatoesTests/Info.plist";
				LD_RUNPATH_SEARCH_PATHS = "$(inherited) @executable_path/Frameworks @loader_path/Frameworks";
				PRODUCT_NAME = "$(TARGET_NAME)";
				TEST_HOST = "$(BUILT_PRODUCTS_DIR)/Rotten Tomatoes.app/Rotten Tomatoes";
			};
			name = Debug;
		};
		0094ADE21AFEBD6E005C4D04 /* Release */ = {
			isa = XCBuildConfiguration;
			buildSettings = {
				BUNDLE_LOADER = "$(TEST_HOST)";
				FRAMEWORK_SEARCH_PATHS = (
					"$(SDKROOT)/Developer/Library/Frameworks",
					"$(inherited)",
				);
				INFOPLIST_FILE = "Rotten TomatoesTests/Info.plist";
				LD_RUNPATH_SEARCH_PATHS = "$(inherited) @executable_path/Frameworks @loader_path/Frameworks";
				PRODUCT_NAME = "$(TARGET_NAME)";
				TEST_HOST = "$(BUILT_PRODUCTS_DIR)/Rotten Tomatoes.app/Rotten Tomatoes";
			};
			name = Release;
		};
/* End XCBuildConfiguration section */

/* Begin XCConfigurationList section */
		0094ADB91AFEBD6E005C4D04 /* Build configuration list for PBXProject "Rotten Tomatoes" */ = {
			isa = XCConfigurationList;
			buildConfigurations = (
				0094ADDB1AFEBD6E005C4D04 /* Debug */,
				0094ADDC1AFEBD6E005C4D04 /* Release */,
			);
			defaultConfigurationIsVisible = 0;
			defaultConfigurationName = Release;
		};
		0094ADDD1AFEBD6E005C4D04 /* Build configuration list for PBXNativeTarget "Rotten Tomatoes" */ = {
			isa = XCConfigurationList;
			buildConfigurations = (
				0094ADDE1AFEBD6E005C4D04 /* Debug */,
				0094ADDF1AFEBD6E005C4D04 /* Release */,
			);
			defaultConfigurationIsVisible = 0;
			defaultConfigurationName = Release;
		};
		0094ADE01AFEBD6E005C4D04 /* Build configuration list for PBXNativeTarget "Rotten TomatoesTests" */ = {
			isa = XCConfigurationList;
			buildConfigurations = (
				0094ADE11AFEBD6E005C4D04 /* Debug */,
				0094ADE21AFEBD6E005C4D04 /* Release */,
			);
			defaultConfigurationIsVisible = 0;
			defaultConfigurationName = Release;
		};
/* End XCConfigurationList section */
	};
	rootObject = 0094ADB61AFEBD6E005C4D04 /* Project object */;
}
